// !$*UTF8*$!
{
	archiveVersion = 1;
	classes = {
	};
	objectVersion = 46;
	objects = {

/* Begin PBXBuildFile section */
		B8388A5E1A39F338001CEE9D /* main.m in Sources */ = {isa = PBXBuildFile; fileRef = B8388A5D1A39F338001CEE9D /* main.m */; };
		B8388A611A39F338001CEE9D /* AppDelegate.m in Sources */ = {isa = PBXBuildFile; fileRef = B8388A601A39F338001CEE9D /* AppDelegate.m */; };
		B8388A641A39F338001CEE9D /* ViewController.m in Sources */ = {isa = PBXBuildFile; fileRef = B8388A631A39F338001CEE9D /* ViewController.m */; };
		B8388A671A39F338001CEE9D /* Main.storyboard in Resources */ = {isa = PBXBuildFile; fileRef = B8388A651A39F338001CEE9D /* Main.storyboard */; };
		B8388A691A39F338001CEE9D /* Images.xcassets in Resources */ = {isa = PBXBuildFile; fileRef = B8388A681A39F338001CEE9D /* Images.xcassets */; };
		B8388A6C1A39F338001CEE9D /* LaunchScreen.xib in Resources */ = {isa = PBXBuildFile; fileRef = B8388A6A1A39F338001CEE9D /* LaunchScreen.xib */; };
		B8388A781A39F338001CEE9D /* SocialPostTests.m in Sources */ = {isa = PBXBuildFile; fileRef = B8388A771A39F338001CEE9D /* SocialPostTests.m */; };
/* End PBXBuildFile section */

/* Begin PBXContainerItemProxy section */
		B8388A721A39F338001CEE9D /* PBXContainerItemProxy */ = {
			isa = PBXContainerItemProxy;
			containerPortal = B8388A501A39F338001CEE9D /* Project object */;
			proxyType = 1;
			remoteGlobalIDString = B8388A571A39F338001CEE9D;
			remoteInfo = SocialPost;
		};
/* End PBXContainerItemProxy section */

/* Begin PBXFileReference section */
		B8388A581A39F338001CEE9D /* SocialPost.app */ = {isa = PBXFileReference; explicitFileType = wrapper.application; includeInIndex = 0; path = SocialPost.app; sourceTree = BUILT_PRODUCTS_DIR; };
		B8388A5C1A39F338001CEE9D /* Info.plist */ = {isa = PBXFileReference; lastKnownFileType = text.plist.xml; path = Info.plist; sourceTree = "<group>"; };
		B8388A5D1A39F338001CEE9D /* main.m */ = {isa = PBXFileReference; lastKnownFileType = sourcecode.c.objc; path = main.m; sourceTree = "<group>"; };
		B8388A5F1A39F338001CEE9D /* AppDelegate.h */ = {isa = PBXFileReference; lastKnownFileType = sourcecode.c.h; path = AppDelegate.h; sourceTree = "<group>"; };
		B8388A601A39F338001CEE9D /* AppDelegate.m */ = {isa = PBXFileReference; lastKnownFileType = sourcecode.c.objc; path = AppDelegate.m; sourceTree = "<group>"; };
		B8388A621A39F338001CEE9D /* ViewController.h */ = {isa = PBXFileReference; lastKnownFileType = sourcecode.c.h; path = ViewController.h; sourceTree = "<group>"; };
		B8388A631A39F338001CEE9D /* ViewController.m */ = {isa = PBXFileReference; lastKnownFileType = sourcecode.c.objc; path = ViewController.m; sourceTree = "<group>"; };
		B8388A661A39F338001CEE9D /* Base */ = {isa = PBXFileReference; lastKnownFileType = file.storyboard; name = Base; path = Base.lproj/Main.storyboard; sourceTree = "<group>"; };
		B8388A681A39F338001CEE9D /* Images.xcassets */ = {isa = PBXFileReference; lastKnownFileType = folder.assetcatalog; path = Images.xcassets; sourceTree = "<group>"; };
		B8388A6B1A39F338001CEE9D /* Base */ = {isa = PBXFileReference; lastKnownFileType = file.xib; name = Base; path = Base.lproj/LaunchScreen.xib; sourceTree = "<group>"; };
		B8388A711A39F338001CEE9D /* SocialPostTests.xctest */ = {isa = PBXFileReference; explicitFileType = wrapper.cfbundle; includeInIndex = 0; path = SocialPostTests.xctest; sourceTree = BUILT_PRODUCTS_DIR; };
		B8388A761A39F338001CEE9D /* Info.plist */ = {isa = PBXFileReference; lastKnownFileType = text.plist.xml; path = Info.plist; sourceTree = "<group>"; };
		B8388A771A39F338001CEE9D /* SocialPostTests.m */ = {isa = PBXFileReference; lastKnownFileType = sourcecode.c.objc; path = SocialPostTests.m; sourceTree = "<group>"; };
/* End PBXFileReference section */

/* Begin PBXFrameworksBuildPhase section */
		B8388A551A39F338001CEE9D /* Frameworks */ = {
			isa = PBXFrameworksBuildPhase;
			buildActionMask = 2147483647;
			files = (
			);
			runOnlyForDeploymentPostprocessing = 0;
		};
		B8388A6E1A39F338001CEE9D /* Frameworks */ = {
			isa = PBXFrameworksBuildPhase;
			buildActionMask = 2147483647;
			files = (
			);
			runOnlyForDeploymentPostprocessing = 0;
		};
/* End PBXFrameworksBuildPhase section */

/* Begin PBXGroup section */
		B8388A4F1A39F338001CEE9D = {
			isa = PBXGroup;
			children = (
				B8388A5A1A39F338001CEE9D /* SocialPost */,
				B8388A741A39F338001CEE9D /* SocialPostTests */,
				B8388A591A39F338001CEE9D /* Products */,
			);
			sourceTree = "<group>";
		};
		B8388A591A39F338001CEE9D /* Products */ = {
			isa = PBXGroup;
			children = (
				B8388A581A39F338001CEE9D /* SocialPost.app */,
				B8388A711A39F338001CEE9D /* SocialPostTests.xctest */,
			);
			name = Products;
			sourceTree = "<group>";
		};
		B8388A5A1A39F338001CEE9D /* SocialPost */ = {
			isa = PBXGroup;
			children = (
				B8388A5F1A39F338001CEE9D /* AppDelegate.h */,
				B8388A601A39F338001CEE9D /* AppDelegate.m */,
				B8388A621A39F338001CEE9D /* ViewController.h */,
				B8388A631A39F338001CEE9D /* ViewController.m */,
				B8388A651A39F338001CEE9D /* Main.storyboard */,
				B8388A681A39F338001CEE9D /* Images.xcassets */,
				B8388A6A1A39F338001CEE9D /* LaunchScreen.xib */,
				B8388A5B1A39F338001CEE9D /* Supporting Files */,
			);
			path = SocialPost;
			sourceTree = "<group>";
		};
		B8388A5B1A39F338001CEE9D /* Supporting Files */ = {
			isa = PBXGroup;
			children = (
				B8388A5C1A39F338001CEE9D /* Info.plist */,
				B8388A5D1A39F338001CEE9D /* main.m */,
			);
			name = "Supporting Files";
			sourceTree = "<group>";
		};
		B8388A741A39F338001CEE9D /* SocialPostTests */ = {
			isa = PBXGroup;
			children = (
				B8388A771A39F338001CEE9D /* SocialPostTests.m */,
				B8388A751A39F338001CEE9D /* Supporting Files */,
			);
			path = SocialPostTests;
			sourceTree = "<group>";
		};
		B8388A751A39F338001CEE9D /* Supporting Files */ = {
			isa = PBXGroup;
			children = (
				B8388A761A39F338001CEE9D /* Info.plist */,
			);
			name = "Supporting Files";
			sourceTree = "<group>";
		};
/* End PBXGroup section */

/* Begin PBXNativeTarget section */
		B8388A571A39F338001CEE9D /* SocialPost */ = {
			isa = PBXNativeTarget;
			buildConfigurationList = B8388A7B1A39F338001CEE9D /* Build configuration list for PBXNativeTarget "SocialPost" */;
			buildPhases = (
				B8388A541A39F338001CEE9D /* Sources */,
				B8388A551A39F338001CEE9D /* Frameworks */,
				B8388A561A39F338001CEE9D /* Resources */,
			);
			buildRules = (
			);
			dependencies = (
			);
			name = SocialPost;
			productName = SocialPost;
			productReference = B8388A581A39F338001CEE9D /* SocialPost.app */;
			productType = "com.apple.product-type.application";
		};
		B8388A701A39F338001CEE9D /* SocialPostTests */ = {
			isa = PBXNativeTarget;
			buildConfigurationList = B8388A7E1A39F338001CEE9D /* Build configuration list for PBXNativeTarget "SocialPostTests" */;
			buildPhases = (
				B8388A6D1A39F338001CEE9D /* Sources */,
				B8388A6E1A39F338001CEE9D /* Frameworks */,
				B8388A6F1A39F338001CEE9D /* Resources */,
			);
			buildRules = (
			);
			dependencies = (
				B8388A731A39F338001CEE9D /* PBXTargetDependency */,
			);
			name = SocialPostTests;
			productName = SocialPostTests;
			productReference = B8388A711A39F338001CEE9D /* SocialPostTests.xctest */;
			productType = "com.apple.product-type.bundle.unit-test";
		};
/* End PBXNativeTarget section */

/* Begin PBXProject section */
		B8388A501A39F338001CEE9D /* Project object */ = {
			isa = PBXProject;
			attributes = {
				LastUpgradeCheck = 0610;
				ORGANIZATIONNAME = iem;
				TargetAttributes = {
					B8388A571A39F338001CEE9D = {
						CreatedOnToolsVersion = 6.1;
					};
					B8388A701A39F338001CEE9D = {
						CreatedOnToolsVersion = 6.1;
						TestTargetID = B8388A571A39F338001CEE9D;
					};
				};
			};
			buildConfigurationList = B8388A531A39F338001CEE9D /* Build configuration list for PBXProject "SocialPost" */;
			compatibilityVersion = "Xcode 3.2";
			developmentRegion = English;
			hasScannedForEncodings = 0;
			knownRegions = (
				en,
				Base,
			);
			mainGroup = B8388A4F1A39F338001CEE9D;
			productRefGroup = B8388A591A39F338001CEE9D /* Products */;
			projectDirPath = "";
			projectRoot = "";
			targets = (
				B8388A571A39F338001CEE9D /* SocialPost */,
				B8388A701A39F338001CEE9D /* SocialPostTests */,
			);
		};
/* End PBXProject section */

/* Begin PBXResourcesBuildPhase section */
		B8388A561A39F338001CEE9D /* Resources */ = {
			isa = PBXResourcesBuildPhase;
			buildActionMask = 2147483647;
			files = (
				B8388A671A39F338001CEE9D /* Main.storyboard in Resources */,
				B8388A6C1A39F338001CEE9D /* LaunchScreen.xib in Resources */,
				B8388A691A39F338001CEE9D /* Images.xcassets in Resources */,
			);
			runOnlyForDeploymentPostprocessing = 0;
		};
		B8388A6F1A39F338001CEE9D /* Resources */ = {
			isa = PBXResourcesBuildPhase;
			buildActionMask = 2147483647;
			files = (
			);
			runOnlyForDeploymentPostprocessing = 0;
		};
/* End PBXResourcesBuildPhase section */

/* Begin PBXSourcesBuildPhase section */
		B8388A541A39F338001CEE9D /* Sources */ = {
			isa = PBXSourcesBuildPhase;
			buildActionMask = 2147483647;
			files = (
				B8388A641A39F338001CEE9D /* ViewController.m in Sources */,
				B8388A611A39F338001CEE9D /* AppDelegate.m in Sources */,
				B8388A5E1A39F338001CEE9D /* main.m in Sources */,
			);
			runOnlyForDeploymentPostprocessing = 0;
		};
		B8388A6D1A39F338001CEE9D /* Sources */ = {
			isa = PBXSourcesBuildPhase;
			buildActionMask = 2147483647;
			files = (
				B8388A781A39F338001CEE9D /* SocialPostTests.m in Sources */,
			);
			runOnlyForDeploymentPostprocessing = 0;
		};
/* End PBXSourcesBuildPhase section */

/* Begin PBXTargetDependency section */
		B8388A731A39F338001CEE9D /* PBXTargetDependency */ = {
			isa = PBXTargetDependency;
			target = B8388A571A39F338001CEE9D /* SocialPost */;
			targetProxy = B8388A721A39F338001CEE9D /* PBXContainerItemProxy */;
		};
/* End PBXTargetDependency section */

/* Begin PBXVariantGroup section */
		B8388A651A39F338001CEE9D /* Main.storyboard */ = {
			isa = PBXVariantGroup;
			children = (
				B8388A661A39F338001CEE9D /* Base */,
			);
			name = Main.storyboard;
			sourceTree = "<group>";
		};
		B8388A6A1A39F338001CEE9D /* LaunchScreen.xib */ = {
			isa = PBXVariantGroup;
			children = (
				B8388A6B1A39F338001CEE9D /* Base */,
			);
			name = LaunchScreen.xib;
			sourceTree = "<group>";
		};
/* End PBXVariantGroup section */

/* Begin XCBuildConfiguration section */
		B8388A791A39F338001CEE9D /* Debug */ = {
			isa = XCBuildConfiguration;
			buildSettings = {
				ALWAYS_SEARCH_USER_PATHS = NO;
				CLANG_CXX_LANGUAGE_STANDARD = "gnu++0x";
				CLANG_CXX_LIBRARY = "libc++";
				CLANG_ENABLE_MODULES = YES;
				CLANG_ENABLE_OBJC_ARC = YES;
				CLANG_WARN_BOOL_CONVERSION = YES;
				CLANG_WARN_CONSTANT_CONVERSION = YES;
				CLANG_WARN_DIRECT_OBJC_ISA_USAGE = YES_ERROR;
				CLANG_WARN_EMPTY_BODY = YES;
				CLANG_WARN_ENUM_CONVERSION = YES;
				CLANG_WARN_INT_CONVERSION = YES;
				CLANG_WARN_OBJC_ROOT_CLASS = YES_ERROR;
				CLANG_WARN_UNREACHABLE_CODE = YES;
				CLANG_WARN__DUPLICATE_METHOD_MATCH = YES;
				"CODE_SIGN_IDENTITY[sdk=iphoneos*]" = "iPhone Developer";
				COPY_PHASE_STRIP = NO;
				ENABLE_STRICT_OBJC_MSGSEND = YES;
				GCC_C_LANGUAGE_STANDARD = gnu99;
				GCC_DYNAMIC_NO_PIC = NO;
				GCC_OPTIMIZATION_LEVEL = 0;
				GCC_PREPROCESSOR_DEFINITIONS = (
					"DEBUG=1",
					"$(inherited)",
				);
				GCC_SYMBOLS_PRIVATE_EXTERN = NO;
				GCC_WARN_64_TO_32_BIT_CONVERSION = YES;
				GCC_WARN_ABOUT_RETURN_TYPE = YES_ERROR;
				GCC_WARN_UNDECLARED_SELECTOR = YES;
				GCC_WARN_UNINITIALIZED_AUTOS = YES_AGGRESSIVE;
				GCC_WARN_UNUSED_FUNCTION = YES;
				GCC_WARN_UNUSED_VARIABLE = YES;
				IPHONEOS_DEPLOYMENT_TARGET = 8.1;
				MTL_ENABLE_DEBUG_INFO = YES;
				ONLY_ACTIVE_ARCH = YES;
				SDKROOT = iphoneos;
			};
			name = Debug;
		};
		B8388A7A1A39F338001CEE9D /* Release */ = {
			isa = XCBuildConfiguration;
			buildSettings = {
				ALWAYS_SEARCH_USER_PATHS = NO;
				CLANG_CXX_LANGUAGE_STANDARD = "gnu++0x";
				CLANG_CXX_LIBRARY = "libc++";
				CLANG_ENABLE_MODULES = YES;
				CLANG_ENABLE_OBJC_ARC = YES;
				CLANG_WARN_BOOL_CONVERSION = YES;
				CLANG_WARN_CONSTANT_CONVERSION = YES;
				CLANG_WARN_DIRECT_OBJC_ISA_USAGE = YES_ERROR;
				CLANG_WARN_EMPTY_BODY = YES;
				CLANG_WARN_ENUM_CONVERSION = YES;
				CLANG_WARN_INT_CONVERSION = YES;
				CLANG_WARN_OBJC_ROOT_CLASS = YES_ERROR;
				CLANG_WARN_UNREACHABLE_CODE = YES;
				CLANG_WARN__DUPLICATE_METHOD_MATCH = YES;
				"CODE_SIGN_IDENTITY[sdk=iphoneos*]" = "iPhone Developer";
				COPY_PHASE_STRIP = YES;
				ENABLE_NS_ASSERTIONS = NO;
				ENABLE_STRICT_OBJC_MSGSEND = YES;
				GCC_C_LANGUAGE_STANDARD = gnu99;
				GCC_WARN_64_TO_32_BIT_CONVERSION = YES;
				GCC_WARN_ABOUT_RETURN_TYPE = YES_ERROR;
				GCC_WARN_UNDECLARED_SELECTOR = YES;
				GCC_WARN_UNINITIALIZED_AUTOS = YES_AGGRESSIVE;
				GCC_WARN_UNUSED_FUNCTION = YES;
				GCC_WARN_UNUSED_VARIABLE = YES;
				IPHONEOS_DEPLOYMENT_TARGET = 8.1;
				MTL_ENABLE_DEBUG_INFO = NO;
				SDKROOT = iphoneos;
				VALIDATE_PRODUCT = YES;
			};
			name = Release;
		};
		B8388A7C1A39F338001CEE9D /* Debug */ = {
			isa = XCBuildConfiguration;
			buildSettings = {
				ASSETCATALOG_COMPILER_APPICON_NAME = AppIcon;
				INFOPLIST_FILE = SocialPost/Info.plist;
				LD_RUNPATH_SEARCH_PATHS = "$(inherited) @executable_path/Frameworks";
				PRODUCT_NAME = "$(TARGET_NAME)";
			};
			name = Debug;
		};
		B8388A7D1A39F338001CEE9D /* Release */ = {
			isa = XCBuildConfiguration;
			buildSettings = {
				ASSETCATALOG_COMPILER_APPICON_NAME = AppIcon;
				INFOPLIST_FILE = SocialPost/Info.plist;
				LD_RUNPATH_SEARCH_PATHS = "$(inherited) @executable_path/Frameworks";
				PRODUCT_NAME = "$(TARGET_NAME)";
			};
			name = Release;
		};
		B8388A7F1A39F338001CEE9D /* Debug */ = {
			isa = XCBuildConfiguration;
			buildSettings = {
				BUNDLE_LOADER = "$(TEST_HOST)";
				FRAMEWORK_SEARCH_PATHS = (
					"$(SDKROOT)/Developer/Library/Frameworks",
					"$(inherited)",
				);
				GCC_PREPROCESSOR_DEFINITIONS = (
					"DEBUG=1",
					"$(inherited)",
				);
				INFOPLIST_FILE = SocialPostTests/Info.plist;
				LD_RUNPATH_SEARCH_PATHS = "$(inherited) @executable_path/Frameworks @loader_path/Frameworks";
				PRODUCT_NAME = "$(TARGET_NAME)";
				TEST_HOST = "$(BUILT_PRODUCTS_DIR)/SocialPost.app/SocialPost";
			};
			name = Debug;
		};
		B8388A801A39F338001CEE9D /* Release */ = {
			isa = XCBuildConfiguration;
			buildSettings = {
				BUNDLE_LOADER = "$(TEST_HOST)";
				FRAMEWORK_SEARCH_PATHS = (
					"$(SDKROOT)/Developer/Library/Frameworks",
					"$(inherited)",
				);
				INFOPLIST_FILE = SocialPostTests/Info.plist;
				LD_RUNPATH_SEARCH_PATHS = "$(inherited) @executable_path/Frameworks @loader_path/Frameworks";
				PRODUCT_NAME = "$(TARGET_NAME)";
				TEST_HOST = "$(BUILT_PRODUCTS_DIR)/SocialPost.app/SocialPost";
			};
			name = Release;
		};
/* End XCBuildConfiguration section */

/* Begin XCConfigurationList section */
		B8388A531A39F338001CEE9D /* Build configuration list for PBXProject "SocialPost" */ = {
			isa = XCConfigurationList;
			buildConfigurations = (
				B8388A791A39F338001CEE9D /* Debug */,
				B8388A7A1A39F338001CEE9D /* Release */,
			);
			defaultConfigurationIsVisible = 0;
			defaultConfigurationName = Release;
		};
		B8388A7B1A39F338001CEE9D /* Build configuration list for PBXNativeTarget "SocialPost" */ = {
			isa = XCConfigurationList;
			buildConfigurations = (
				B8388A7C1A39F338001CEE9D /* Debug */,
				B8388A7D1A39F338001CEE9D /* Release */,
			);
			defaultConfigurationIsVisible = 0;
		};
		B8388A7E1A39F338001CEE9D /* Build configuration list for PBXNativeTarget "SocialPostTests" */ = {
			isa = XCConfigurationList;
			buildConfigurations = (
				B8388A7F1A39F338001CEE9D /* Debug */,
				B8388A801A39F338001CEE9D /* Release */,
			);
			defaultConfigurationIsVisible = 0;
		};
/* End XCConfigurationList section */
	};
	rootObject = B8388A501A39F338001CEE9D /* Project object */;
}
